
Microsoft Visual Studio Solution File, Format Version 12.00
# Visual Studio 15
VisualStudioVersion = 15.0.26730.12
MinimumVisualStudioVersion = 10.0.40219.1
Project("{8BC9CEB8-8B4A-11D0-8D11-00A0C91BC942}") = "lab10_service", "..\lab10_service\lab10_service.vcxproj", "{DFBAE3A3-16BA-4ECB-AC6F-02EBD4A0B4D9}"
EndProject
Project("{8BC9CEB8-8B4A-11D0-8D11-00A0C91BC942}") = "lab10_drawer", "..\lab10_drawer\lab10_drawer.vcxproj", "{0F821B15-A124-482F-B037-DCDDED7F5810}"
EndProject
Global
	GlobalSection(SolutionConfigurationPlatforms) = preSolution
		Debug|x64 = Debug|x64
		Debug|x86 = Debug|x86
		Release|x64 = Release|x64
		Release|x86 = Release|x86
	EndGlobalSection
	GlobalSection(ProjectConfigurationPlatforms) = postSolution
		{DFBAE3A3-16BA-4ECB-AC6F-02EBD4A0B4D9}.Debug|x64.ActiveCfg = Debug|x64
		{DFBAE3A3-16BA-4ECB-AC6F-02EBD4A0B4D9}.Debug|x64.Build.0 = Debug|x64
		{DFBAE3A3-16BA-4ECB-AC6F-02EBD4A0B4D9}.Debug|x86.ActiveCfg = Debug|Win32
		{DFBAE3A3-16BA-4ECB-AC6F-02EBD4A0B4D9}.Debug|x86.Build.0 = Debug|Win32
		{DFBAE3A3-16BA-4ECB-AC6F-02EBD4A0B4D9}.Release|x64.ActiveCfg = Release|x64
		{DFBAE3A3-16BA-4ECB-AC6F-02EBD4A0B4D9}.Release|x64.Build.0 = Release|x64
		{DFBAE3A3-16BA-4ECB-AC6F-02EBD4A0B4D9}.Release|x86.ActiveCfg = Release|Win32
		{DFBAE3A3-16BA-4ECB-AC6F-02EBD4A0B4D9}.Release|x86.Build.0 = Release|Win32
		{0F821B15-A124-482F-B037-DCDDED7F5810}.Debug|x64.ActiveCfg = Debug|x64
		{0F821B15-A124-482F-B037-DCDDED7F5810}.Debug|x64.Build.0 = Debug|x64
		{0F821B15-A124-482F-B037-DCDDED7F5810}.Debug|x86.ActiveCfg = Debug|Win32
		{0F821B15-A124-482F-B037-DCDDED7F5810}.Debug|x86.Build.0 = Debug|Win32
		{0F821B15-A124-482F-B037-DCDDED7F5810}.Release|x64.ActiveCfg = Release|x64
		{0F821B15-A124-482F-B037-DCDDED7F5810}.Release|x64.Build.0 = Release|x64
		{0F821B15-A124-482F-B037-DCDDED7F5810}.Release|x86.ActiveCfg = Release|Win32
		{0F821B15-A124-482F-B037-DCDDED7F5810}.Release|x86.Build.0 = Release|Win32
	EndGlobalSection
	GlobalSection(SolutionProperties) = preSolution
		HideSolutionNode = FALSE
	EndGlobalSection
	GlobalSection(ExtensibilityGlobals) = postSolution
		SolutionGuid = {A7F91974-7239-4E47-9601-042164A78CB1}
	EndGlobalSection
EndGlobal
